
Microsoft Visual Studio Solution File, Format Version 12.00
# Visual Studio Version 16
VisualStudioVersion = 16.0.30406.217
MinimumVisualStudioVersion = 10.0.40219.1
Project("{FAE04EC0-301F-11D3-BF4B-00C04F79EFBC}") = "Family_Dictionary", "Family_Dictionary\Family_Dictionary.csproj", "{9DA34530-CED9-473C-83B1-CD5423A52977}"
EndProject
Global
	GlobalSection(SolutionConfigurationPlatforms) = preSolution
		Debug|Any CPU = Debug|Any CPU
		Release|Any CPU = Release|Any CPU
	EndGlobalSection
	GlobalSection(ProjectConfigurationPlatforms) = postSolution
		{9DA34530-CED9-473C-83B1-CD5423A52977}.Debug|Any CPU.ActiveCfg = Debug|Any CPU
		{9DA34530-CED9-473C-83B1-CD5423A52977}.Debug|Any CPU.Build.0 = Debug|Any CPU
		{9DA34530-CED9-473C-83B1-CD5423A52977}.Release|Any CPU.ActiveCfg = Release|Any CPU
		{9DA34530-CED9-473C-83B1-CD5423A52977}.Release|Any CPU.Build.0 = Release|Any CPU
	EndGlobalSection
	GlobalSection(SolutionProperties) = preSolution
		HideSolutionNode = FALSE
	EndGlobalSection
	GlobalSection(ExtensibilityGlobals) = postSolution
		SolutionGuid = {6E94B4A6-2E52-4D8E-9D60-0FFD9B837D03}
	EndGlobalSection
EndGlobal
